
Microsoft Visual Studio Solution File, Format Version 12.00
Project("{FAE04EC0-301F-11D3-BF4B-00C04F79EFBC}") = "HelloWorld", "HelloWorld.csproj", "{2F9C576B-06E6-4CBC-ACC7-7830EB5F95AA}"
EndProject
Global
	GlobalSection(SolutionConfigurationPlatforms) = preSolution
		Debug|Any CPU = Debug|Any CPU
		Release|Any CPU = Release|Any CPU
	EndGlobalSection
	GlobalSection(ProjectConfigurationPlatforms) = postSolution
		{2F9C576B-06E6-4CBC-ACC7-7830EB5F95AA}.Debug|Any CPU.ActiveCfg = Debug|Any CPU
		{2F9C576B-06E6-4CBC-ACC7-7830EB5F95AA}.Debug|Any CPU.Build.0 = Debug|Any CPU
		{2F9C576B-06E6-4CBC-ACC7-7830EB5F95AA}.Release|Any CPU.ActiveCfg = Release|Any CPU
		{2F9C576B-06E6-4CBC-ACC7-7830EB5F95AA}.Release|Any CPU.Build.0 = Release|Any CPU
	EndGlobalSection
EndGlobal
